// !$*UTF8*$!
{
	archiveVersion = 1;
	classes = {
	};
	objectVersion = 50;
	objects = {

/* Begin PBXBuildFile section */
		163DB321212BC8E800D3F25E /* AppDelegate.m in Sources */ = {isa = PBXBuildFile; fileRef = 163DB320212BC8E800D3F25E /* AppDelegate.m */; };
		163DB324212BC8E800D3F25E /* ViewController.m in Sources */ = {isa = PBXBuildFile; fileRef = 163DB323212BC8E800D3F25E /* ViewController.m */; };
		163DB327212BC8E800D3F25E /* Main.storyboard in Resources */ = {isa = PBXBuildFile; fileRef = 163DB325212BC8E800D3F25E /* Main.storyboard */; };
		163DB329212BC8EA00D3F25E /* Assets.xcassets in Resources */ = {isa = PBXBuildFile; fileRef = 163DB328212BC8EA00D3F25E /* Assets.xcassets */; };
		163DB32C212BC8EA00D3F25E /* LaunchScreen.storyboard in Resources */ = {isa = PBXBuildFile; fileRef = 163DB32A212BC8EA00D3F25E /* LaunchScreen.storyboard */; };
		163DB32F212BC8EA00D3F25E /* main.m in Sources */ = {isa = PBXBuildFile; fileRef = 163DB32E212BC8EA00D3F25E /* main.m */; };
/* End PBXBuildFile section */

/* Begin PBXFileReference section */
		163DB31C212BC8E800D3F25E /* TwilioVideoChatApp.app */ = {isa = PBXFileReference; explicitFileType = wrapper.application; includeInIndex = 0; path = TwilioVideoChatApp.app; sourceTree = BUILT_PRODUCTS_DIR; };
		163DB31F212BC8E800D3F25E /* AppDelegate.h */ = {isa = PBXFileReference; lastKnownFileType = sourcecode.c.h; path = AppDelegate.h; sourceTree = "<group>"; };
		163DB320212BC8E800D3F25E /* AppDelegate.m */ = {isa = PBXFileReference; lastKnownFileType = sourcecode.c.objc; path = AppDelegate.m; sourceTree = "<group>"; };
		163DB322212BC8E800D3F25E /* ViewController.h */ = {isa = PBXFileReference; lastKnownFileType = sourcecode.c.h; path = ViewController.h; sourceTree = "<group>"; };
		163DB323212BC8E800D3F25E /* ViewController.m */ = {isa = PBXFileReference; lastKnownFileType = sourcecode.c.objc; path = ViewController.m; sourceTree = "<group>"; };
		163DB326212BC8E800D3F25E /* Base */ = {isa = PBXFileReference; lastKnownFileType = file.storyboard; name = Base; path = Base.lproj/Main.storyboard; sourceTree = "<group>"; };
		163DB328212BC8EA00D3F25E /* Assets.xcassets */ = {isa = PBXFileReference; lastKnownFileType = folder.assetcatalog; path = Assets.xcassets; sourceTree = "<group>"; };
		163DB32B212BC8EA00D3F25E /* Base */ = {isa = PBXFileReference; lastKnownFileType = file.storyboard; name = Base; path = Base.lproj/LaunchScreen.storyboard; sourceTree = "<group>"; };
		163DB32D212BC8EA00D3F25E /* Info.plist */ = {isa = PBXFileReference; lastKnownFileType = text.plist.xml; path = Info.plist; sourceTree = "<group>"; };
		163DB32E212BC8EA00D3F25E /* main.m */ = {isa = PBXFileReference; lastKnownFileType = sourcecode.c.objc; path = main.m; sourceTree = "<group>"; };
/* End PBXFileReference section */

/* Begin PBXFrameworksBuildPhase section */
		163DB319212BC8E800D3F25E /* Frameworks */ = {
			isa = PBXFrameworksBuildPhase;
			buildActionMask = 2147483647;
			files = (
			);
			runOnlyForDeploymentPostprocessing = 0;
		};
/* End PBXFrameworksBuildPhase section */

/* Begin PBXGroup section */
		163DB313212BC8E800D3F25E = {
			isa = PBXGroup;
			children = (
				163DB31E212BC8E800D3F25E /* TwilioVideoChatApp */,
				163DB31D212BC8E800D3F25E /* Products */,
			);
			sourceTree = "<group>";
		};
		163DB31D212BC8E800D3F25E /* Products */ = {
			isa = PBXGroup;
			children = (
				163DB31C212BC8E800D3F25E /* TwilioVideoChatApp.app */,
			);
			name = Products;
			sourceTree = "<group>";
		};
		163DB31E212BC8E800D3F25E /* TwilioVideoChatApp */ = {
			isa = PBXGroup;
			children = (
				163DB31F212BC8E800D3F25E /* AppDelegate.h */,
				163DB320212BC8E800D3F25E /* AppDelegate.m */,
				163DB322212BC8E800D3F25E /* ViewController.h */,
				163DB323212BC8E800D3F25E /* ViewController.m */,
				163DB325212BC8E800D3F25E /* Main.storyboard */,
				163DB328212BC8EA00D3F25E /* Assets.xcassets */,
				163DB32A212BC8EA00D3F25E /* LaunchScreen.storyboard */,
				163DB32D212BC8EA00D3F25E /* Info.plist */,
				163DB32E212BC8EA00D3F25E /* main.m */,
			);
			path = TwilioVideoChatApp;
			sourceTree = "<group>";
		};
/* End PBXGroup section */

/* Begin PBXNativeTarget section */
		163DB31B212BC8E800D3F25E /* TwilioVideoChatApp */ = {
			isa = PBXNativeTarget;
			buildConfigurationList = 163DB332212BC8EA00D3F25E /* Build configuration list for PBXNativeTarget "TwilioVideoChatApp" */;
			buildPhases = (
				163DB318212BC8E800D3F25E /* Sources */,
				163DB319212BC8E800D3F25E /* Frameworks */,
				163DB31A212BC8E800D3F25E /* Resources */,
			);
			buildRules = (
			);
			dependencies = (
			);
			name = TwilioVideoChatApp;
			productName = TwilioVideoChatApp;
			productReference = 163DB31C212BC8E800D3F25E /* TwilioVideoChatApp.app */;
			productType = "com.apple.product-type.application";
		};
/* End PBXNativeTarget section */

/* Begin PBXProject section */
		163DB314212BC8E800D3F25E /* Project object */ = {
			isa = PBXProject;
			attributes = {
				LastUpgradeCheck = 0930;
				ORGANIZATIONNAME = "Anant Kannaik";
				TargetAttributes = {
					163DB31B212BC8E800D3F25E = {
						CreatedOnToolsVersion = 9.3;
					};
				};
			};
			buildConfigurationList = 163DB317212BC8E800D3F25E /* Build configuration list for PBXProject "TwilioVideoChatApp" */;
			compatibilityVersion = "Xcode 9.3";
			developmentRegion = en;
			hasScannedForEncodings = 0;
			knownRegions = (
				en,
				Base,
			);
			mainGroup = 163DB313212BC8E800D3F25E;
			productRefGroup = 163DB31D212BC8E800D3F25E /* Products */;
			projectDirPath = "";
			projectRoot = "";
			targets = (
				163DB31B212BC8E800D3F25E /* TwilioVideoChatApp */,
			);
		};
/* End PBXProject section */

/* Begin PBXResourcesBuildPhase section */
		163DB31A212BC8E800D3F25E /* Resources */ = {
			isa = PBXResourcesBuildPhase;
			buildActionMask = 2147483647;
			files = (
				163DB32C212BC8EA00D3F25E /* LaunchScreen.storyboard in Resources */,
				163DB329212BC8EA00D3F25E /* Assets.xcassets in Resources */,
				163DB327212BC8E800D3F25E /* Main.storyboard in Resources */,
			);
			runOnlyForDeploymentPostprocessing = 0;
		};
/* End PBXResourcesBuildPhase section */

/* Begin PBXSourcesBuildPhase section */
		163DB318212BC8E800D3F25E /* Sources */ = {
			isa = PBXSourcesBuildPhase;
			buildActionMask = 2147483647;
			files = (
				163DB324212BC8E800D3F25E /* ViewController.m in Sources */,
				163DB32F212BC8EA00D3F25E /* main.m in Sources */,
				163DB321212BC8E800D3F25E /* AppDelegate.m in Sources */,
			);
			runOnlyForDeploymentPostprocessing = 0;
		};
/* End PBXSourcesBuildPhase section */

/* Begin PBXVariantGroup section */
		163DB325212BC8E800D3F25E /* Main.storyboard */ = {
			isa = PBXVariantGroup;
			children = (
				163DB326212BC8E800D3F25E /* Base */,
			);
			name = Main.storyboard;
			sourceTree = "<group>";
		};
		163DB32A212BC8EA00D3F25E /* LaunchScreen.storyboard */ = {
			isa = PBXVariantGroup;
			children = (
				163DB32B212BC8EA00D3F25E /* Base */,
			);
			name = LaunchScreen.storyboard;
			sourceTree = "<group>";
		};
/* End PBXVariantGroup section */

/* Begin XCBuildConfiguration section */
		163DB330212BC8EA00D3F25E /* Debug */ = {
			isa = XCBuildConfiguration;
			buildSettings = {
				ALWAYS_SEARCH_USER_PATHS = NO;
				CLANG_ANALYZER_NONNULL = YES;
				CLANG_ANALYZER_NUMBER_OBJECT_CONVERSION = YES_AGGRESSIVE;
				CLANG_CXX_LANGUAGE_STANDARD = "gnu++14";
				CLANG_CXX_LIBRARY = "libc++";
				CLANG_ENABLE_MODULES = YES;
				CLANG_ENABLE_OBJC_ARC = YES;
				CLANG_ENABLE_OBJC_WEAK = YES;
				CLANG_WARN_BLOCK_CAPTURE_AUTORELEASING = YES;
				CLANG_WARN_BOOL_CONVERSION = YES;
				CLANG_WARN_COMMA = YES;
				CLANG_WARN_CONSTANT_CONVERSION = YES;
				CLANG_WARN_DEPRECATED_OBJC_IMPLEMENTATIONS = YES;
				CLANG_WARN_DIRECT_OBJC_ISA_USAGE = YES_ERROR;
				CLANG_WARN_DOCUMENTATION_COMMENTS = YES;
				CLANG_WARN_EMPTY_BODY = YES;
				CLANG_WARN_ENUM_CONVERSION = YES;
				CLANG_WARN_INFINITE_RECURSION = YES;
				CLANG_WARN_INT_CONVERSION = YES;
				CLANG_WARN_NON_LITERAL_NULL_CONVERSION = YES;
				CLANG_WARN_OBJC_IMPLICIT_RETAIN_SELF = YES;
				CLANG_WARN_OBJC_LITERAL_CONVERSION = YES;
				CLANG_WARN_OBJC_ROOT_CLASS = YES_ERROR;
				CLANG_WARN_RANGE_LOOP_ANALYSIS = YES;
				CLANG_WARN_STRICT_PROTOTYPES = YES;
				CLANG_WARN_SUSPICIOUS_MOVE = YES;
				CLANG_WARN_UNGUARDED_AVAILABILITY = YES_AGGRESSIVE;
				CLANG_WARN_UNREACHABLE_CODE = YES;
				CLANG_WARN__DUPLICATE_METHOD_MATCH = YES;
				CODE_SIGN_IDENTITY = "iPhone Developer";
				COPY_PHASE_STRIP = NO;
				DEBUG_INFORMATION_FORMAT = dwarf;
				ENABLE_STRICT_OBJC_MSGSEND = YES;
				ENABLE_TESTABILITY = YES;
				GCC_C_LANGUAGE_STANDARD = gnu11;
				GCC_DYNAMIC_NO_PIC = NO;
				GCC_NO_COMMON_BLOCKS = YES;
				GCC_OPTIMIZATION_LEVEL = 0;
				GCC_PREPROCESSOR_DEFINITIONS = (
					"DEBUG=1",
					"$(inherited)",
				);
				GCC_WARN_64_TO_32_BIT_CONVERSION = YES;
				GCC_WARN_ABOUT_RETURN_TYPE = YES_ERROR;
				GCC_WARN_UNDECLARED_SELECTOR = YES;
				GCC_WARN_UNINITIALIZED_AUTOS = YES_AGGRESSIVE;
				GCC_WARN_UNUSED_FUNCTION = YES;
				GCC_WARN_UNUSED_VARIABLE = YES;
				IPHONEOS_DEPLOYMENT_TARGET = 11.3;
				MTL_ENABLE_DEBUG_INFO = YES;
				ONLY_ACTIVE_ARCH = YES;
				SDKROOT = iphoneos;
			};
			name = Debug;
		};
		163DB331212BC8EA00D3F25E /* Release */ = {
			isa = XCBuildConfiguration;
			buildSettings = {
				ALWAYS_SEARCH_USER_PATHS = NO;
				CLANG_ANALYZER_NONNULL = YES;
				CLANG_ANALYZER_NUMBER_OBJECT_CONVERSION = YES_AGGRESSIVE;
				CLANG_CXX_LANGUAGE_STANDARD = "gnu++14";
				CLANG_CXX_LIBRARY = "libc++";
				CLANG_ENABLE_MODULES = YES;
				CLANG_ENABLE_OBJC_ARC = YES;
				CLANG_ENABLE_OBJC_WEAK = YES;
				CLANG_WARN_BLOCK_CAPTURE_AUTORELEASING = YES;
				CLANG_WARN_BOOL_CONVERSION = YES;
				CLANG_WARN_COMMA = YES;
				CLANG_WARN_CONSTANT_CONVERSION = YES;
				CLANG_WARN_DEPRECATED_OBJC_IMPLEMENTATIONS = YES;
				CLANG_WARN_DIRECT_OBJC_ISA_USAGE = YES_ERROR;
				CLANG_WARN_DOCUMENTATION_COMMENTS = YES;
				CLANG_WARN_EMPTY_BODY = YES;
				CLANG_WARN_ENUM_CONVERSION = YES;
				CLANG_WARN_INFINITE_RECURSION = YES;
				CLANG_WARN_INT_CONVERSION = YES;
				CLANG_WARN_NON_LITERAL_NULL_CONVERSION = YES;
				CLANG_WARN_OBJC_IMPLICIT_RETAIN_SELF = YES;
				CLANG_WARN_OBJC_LITERAL_CONVERSION = YES;
				CLANG_WARN_OBJC_ROOT_CLASS = YES_ERROR;
				CLANG_WARN_RANGE_LOOP_ANALYSIS = YES;
				CLANG_WARN_STRICT_PROTOTYPES = YES;
				CLANG_WARN_SUSPICIOUS_MOVE = YES;
				CLANG_WARN_UNGUARDED_AVAILABILITY = YES_AGGRESSIVE;
				CLANG_WARN_UNREACHABLE_CODE = YES;
				CLANG_WARN__DUPLICATE_METHOD_MATCH = YES;
				CODE_SIGN_IDENTITY = "iPhone Developer";
				COPY_PHASE_STRIP = NO;
				DEBUG_INFORMATION_FORMAT = "dwarf-with-dsym";
				ENABLE_NS_ASSERTIONS = NO;
				ENABLE_STRICT_OBJC_MSGSEND = YES;
				GCC_C_LANGUAGE_STANDARD = gnu11;
				GCC_NO_COMMON_BLOCKS = YES;
				GCC_WARN_64_TO_32_BIT_CONVERSION = YES;
				GCC_WARN_ABOUT_RETURN_TYPE = YES_ERROR;
				GCC_WARN_UNDECLARED_SELECTOR = YES;
				GCC_WARN_UNINITIALIZED_AUTOS = YES_AGGRESSIVE;
				GCC_WARN_UNUSED_FUNCTION = YES;
				GCC_WARN_UNUSED_VARIABLE = YES;
				IPHONEOS_DEPLOYMENT_TARGET = 11.3;
				MTL_ENABLE_DEBUG_INFO = NO;
				SDKROOT = iphoneos;
				VALIDATE_PRODUCT = YES;
			};
			name = Release;
		};
		163DB333212BC8EA00D3F25E /* Debug */ = {
			isa = XCBuildConfiguration;
			buildSettings = {
				ASSETCATALOG_COMPILER_APPICON_NAME = AppIcon;
				CODE_SIGN_STYLE = Automatic;
				DEVELOPMENT_TEAM = 3DV85RL7V3;
				ENABLE_BITCODE = NO;
				INFOPLIST_FILE = TwilioVideoChatApp/Info.plist;
				IPHONEOS_DEPLOYMENT_TARGET = 8.0;
				LD_RUNPATH_SEARCH_PATHS = (
					"$(inherited)",
					"@executable_path/Frameworks",
				);
				PRODUCT_BUNDLE_IDENTIFIER = com.cci.TwilioVideoChatApp;
				PRODUCT_NAME = "$(TARGET_NAME)";
				TARGETED_DEVICE_FAMILY = "1,2";
			};
			name = Debug;
		};
		163DB334212BC8EA00D3F25E /* Release */ = {
			isa = XCBuildConfiguration;
			buildSettings = {
				ASSETCATALOG_COMPILER_APPICON_NAME = AppIcon;
				CODE_SIGN_STYLE = Automatic;
				DEVELOPMENT_TEAM = 3DV85RL7V3;
				ENABLE_BITCODE = NO;
				INFOPLIST_FILE = TwilioVideoChatApp/Info.plist;
				IPHONEOS_DEPLOYMENT_TARGET = 8.0;
				LD_RUNPATH_SEARCH_PATHS = (
					"$(inherited)",
					"@executable_path/Frameworks",
				);
				PRODUCT_BUNDLE_IDENTIFIER = com.cci.TwilioVideoChatApp;
				PRODUCT_NAME = "$(TARGET_NAME)";
				TARGETED_DEVICE_FAMILY = "1,2";
			};
			name = Release;
		};
/* End XCBuildConfiguration section */

/* Begin XCConfigurationList section */
		163DB317212BC8E800D3F25E /* Build configuration list for PBXProject "TwilioVideoChatApp" */ = {
			isa = XCConfigurationList;
			buildConfigurations = (
				163DB330212BC8EA00D3F25E /* Debug */,
				163DB331212BC8EA00D3F25E /* Release */,
			);
			defaultConfigurationIsVisible = 0;
			defaultConfigurationName = Release;
		};
		163DB332212BC8EA00D3F25E /* Build configuration list for PBXNativeTarget "TwilioVideoChatApp" */ = {
			isa = XCConfigurationList;
			buildConfigurations = (
				163DB333212BC8EA00D3F25E /* Debug */,
				163DB334212BC8EA00D3F25E /* Release */,
			);
			defaultConfigurationIsVisible = 0;
			defaultConfigurationName = Release;
		};
/* End XCConfigurationList section */
	};
	rootObject = 163DB314212BC8E800D3F25E /* Project object */;
}
